// !$*UTF8*$!
{
	archiveVersion = 1;
	classes = {
	};
	objectVersion = 46;
	objects = {

/* Begin PBXBuildFile section */
		83A8DA171DAD48FC00312C6A /* AppDelegate.swift in Sources */ = {isa = PBXBuildFile; fileRef = 83A8DA161DAD48FC00312C6A /* AppDelegate.swift */; };
		83A8DA191DAD48FC00312C6A /* ViewController.swift in Sources */ = {isa = PBXBuildFile; fileRef = 83A8DA181DAD48FC00312C6A /* ViewController.swift */; };
		83A8DA1C1DAD48FC00312C6A /* Main.storyboard in Resources */ = {isa = PBXBuildFile; fileRef = 83A8DA1A1DAD48FC00312C6A /* Main.storyboard */; };
		83A8DA1E1DAD48FC00312C6A /* Assets.xcassets in Resources */ = {isa = PBXBuildFile; fileRef = 83A8DA1D1DAD48FC00312C6A /* Assets.xcassets */; };
		83A8DA211DAD48FC00312C6A /* LaunchScreen.storyboard in Resources */ = {isa = PBXBuildFile; fileRef = 83A8DA1F1DAD48FC00312C6A /* LaunchScreen.storyboard */; };
		83A8DA2C1DAD48FC00312C6A /* Red_Riding_HoodTests.swift in Sources */ = {isa = PBXBuildFile; fileRef = 83A8DA2B1DAD48FC00312C6A /* Red_Riding_HoodTests.swift */; };
		83A8DA371DAD48FC00312C6A /* Red_Riding_HoodUITests.swift in Sources */ = {isa = PBXBuildFile; fileRef = 83A8DA361DAD48FC00312C6A /* Red_Riding_HoodUITests.swift */; };
/* End PBXBuildFile section */

/* Begin PBXContainerItemProxy section */
		83A8DA281DAD48FC00312C6A /* PBXContainerItemProxy */ = {
			isa = PBXContainerItemProxy;
			containerPortal = 83A8DA0B1DAD48FB00312C6A /* Project object */;
			proxyType = 1;
			remoteGlobalIDString = 83A8DA121DAD48FB00312C6A;
			remoteInfo = "Red Riding Hood";
		};
		83A8DA331DAD48FC00312C6A /* PBXContainerItemProxy */ = {
			isa = PBXContainerItemProxy;
			containerPortal = 83A8DA0B1DAD48FB00312C6A /* Project object */;
			proxyType = 1;
			remoteGlobalIDString = 83A8DA121DAD48FB00312C6A;
			remoteInfo = "Red Riding Hood";
		};
/* End PBXContainerItemProxy section */

/* Begin PBXFileReference section */
		83A8DA131DAD48FB00312C6A /* Red Riding Hood.app */ = {isa = PBXFileReference; explicitFileType = wrapper.application; includeInIndex = 0; path = "Red Riding Hood.app"; sourceTree = BUILT_PRODUCTS_DIR; };
		83A8DA161DAD48FC00312C6A /* AppDelegate.swift */ = {isa = PBXFileReference; lastKnownFileType = sourcecode.swift; path = AppDelegate.swift; sourceTree = "<group>"; };
		83A8DA181DAD48FC00312C6A /* ViewController.swift */ = {isa = PBXFileReference; lastKnownFileType = sourcecode.swift; path = ViewController.swift; sourceTree = "<group>"; };
		83A8DA1B1DAD48FC00312C6A /* Base */ = {isa = PBXFileReference; lastKnownFileType = file.storyboard; name = Base; path = Base.lproj/Main.storyboard; sourceTree = "<group>"; };
		83A8DA1D1DAD48FC00312C6A /* Assets.xcassets */ = {isa = PBXFileReference; lastKnownFileType = folder.assetcatalog; path = Assets.xcassets; sourceTree = "<group>"; };
		83A8DA201DAD48FC00312C6A /* Base */ = {isa = PBXFileReference; lastKnownFileType = file.storyboard; name = Base; path = Base.lproj/LaunchScreen.storyboard; sourceTree = "<group>"; };
		83A8DA221DAD48FC00312C6A /* Info.plist */ = {isa = PBXFileReference; lastKnownFileType = text.plist.xml; path = Info.plist; sourceTree = "<group>"; };
		83A8DA271DAD48FC00312C6A /* Red Riding HoodTests.xctest */ = {isa = PBXFileReference; explicitFileType = wrapper.cfbundle; includeInIndex = 0; path = "Red Riding HoodTests.xctest"; sourceTree = BUILT_PRODUCTS_DIR; };
		83A8DA2B1DAD48FC00312C6A /* Red_Riding_HoodTests.swift */ = {isa = PBXFileReference; lastKnownFileType = sourcecode.swift; path = Red_Riding_HoodTests.swift; sourceTree = "<group>"; };
		83A8DA2D1DAD48FC00312C6A /* Info.plist */ = {isa = PBXFileReference; lastKnownFileType = text.plist.xml; path = Info.plist; sourceTree = "<group>"; };
		83A8DA321DAD48FC00312C6A /* Red Riding HoodUITests.xctest */ = {isa = PBXFileReference; explicitFileType = wrapper.cfbundle; includeInIndex = 0; path = "Red Riding HoodUITests.xctest"; sourceTree = BUILT_PRODUCTS_DIR; };
		83A8DA361DAD48FC00312C6A /* Red_Riding_HoodUITests.swift */ = {isa = PBXFileReference; lastKnownFileType = sourcecode.swift; path = Red_Riding_HoodUITests.swift; sourceTree = "<group>"; };
		83A8DA381DAD48FC00312C6A /* Info.plist */ = {isa = PBXFileReference; lastKnownFileType = text.plist.xml; path = Info.plist; sourceTree = "<group>"; };
/* End PBXFileReference section */

/* Begin PBXFrameworksBuildPhase section */
		83A8DA101DAD48FB00312C6A /* Frameworks */ = {
			isa = PBXFrameworksBuildPhase;
			buildActionMask = 2147483647;
			files = (
			);
			runOnlyForDeploymentPostprocessing = 0;
		};
		83A8DA241DAD48FC00312C6A /* Frameworks */ = {
			isa = PBXFrameworksBuildPhase;
			buildActionMask = 2147483647;
			files = (
			);
			runOnlyForDeploymentPostprocessing = 0;
		};
		83A8DA2F1DAD48FC00312C6A /* Frameworks */ = {
			isa = PBXFrameworksBuildPhase;
			buildActionMask = 2147483647;
			files = (
			);
			runOnlyForDeploymentPostprocessing = 0;
		};
/* End PBXFrameworksBuildPhase section */

/* Begin PBXGroup section */
		83A8DA0A1DAD48FB00312C6A = {
			isa = PBXGroup;
			children = (
				83A8DA151DAD48FB00312C6A /* Red Riding Hood */,
				83A8DA2A1DAD48FC00312C6A /* Red Riding HoodTests */,
				83A8DA351DAD48FC00312C6A /* Red Riding HoodUITests */,
				83A8DA141DAD48FB00312C6A /* Products */,
			);
			sourceTree = "<group>";
		};
		83A8DA141DAD48FB00312C6A /* Products */ = {
			isa = PBXGroup;
			children = (
				83A8DA131DAD48FB00312C6A /* Red Riding Hood.app */,
				83A8DA271DAD48FC00312C6A /* Red Riding HoodTests.xctest */,
				83A8DA321DAD48FC00312C6A /* Red Riding HoodUITests.xctest */,
			);
			name = Products;
			sourceTree = "<group>";
		};
		83A8DA151DAD48FB00312C6A /* Red Riding Hood */ = {
			isa = PBXGroup;
			children = (
				83A8DA161DAD48FC00312C6A /* AppDelegate.swift */,
				83A8DA181DAD48FC00312C6A /* ViewController.swift */,
				83A8DA1A1DAD48FC00312C6A /* Main.storyboard */,
				83A8DA1D1DAD48FC00312C6A /* Assets.xcassets */,
				83A8DA1F1DAD48FC00312C6A /* LaunchScreen.storyboard */,
				83A8DA221DAD48FC00312C6A /* Info.plist */,
			);
			path = "Red Riding Hood";
			sourceTree = "<group>";
		};
		83A8DA2A1DAD48FC00312C6A /* Red Riding HoodTests */ = {
			isa = PBXGroup;
			children = (
				83A8DA2B1DAD48FC00312C6A /* Red_Riding_HoodTests.swift */,
				83A8DA2D1DAD48FC00312C6A /* Info.plist */,
			);
			path = "Red Riding HoodTests";
			sourceTree = "<group>";
		};
		83A8DA351DAD48FC00312C6A /* Red Riding HoodUITests */ = {
			isa = PBXGroup;
			children = (
				83A8DA361DAD48FC00312C6A /* Red_Riding_HoodUITests.swift */,
				83A8DA381DAD48FC00312C6A /* Info.plist */,
			);
			path = "Red Riding HoodUITests";
			sourceTree = "<group>";
		};
/* End PBXGroup section */

/* Begin PBXNativeTarget section */
		83A8DA121DAD48FB00312C6A /* Red Riding Hood */ = {
			isa = PBXNativeTarget;
			buildConfigurationList = 83A8DA3B1DAD48FC00312C6A /* Build configuration list for PBXNativeTarget "Red Riding Hood" */;
			buildPhases = (
				83A8DA0F1DAD48FB00312C6A /* Sources */,
				83A8DA101DAD48FB00312C6A /* Frameworks */,
				83A8DA111DAD48FB00312C6A /* Resources */,
			);
			buildRules = (
			);
			dependencies = (
			);
			name = "Red Riding Hood";
			productName = "Red Riding Hood";
			productReference = 83A8DA131DAD48FB00312C6A /* Red Riding Hood.app */;
			productType = "com.apple.product-type.application";
		};
		83A8DA261DAD48FC00312C6A /* Red Riding HoodTests */ = {
			isa = PBXNativeTarget;
			buildConfigurationList = 83A8DA3E1DAD48FC00312C6A /* Build configuration list for PBXNativeTarget "Red Riding HoodTests" */;
			buildPhases = (
				83A8DA231DAD48FC00312C6A /* Sources */,
				83A8DA241DAD48FC00312C6A /* Frameworks */,
				83A8DA251DAD48FC00312C6A /* Resources */,
			);
			buildRules = (
			);
			dependencies = (
				83A8DA291DAD48FC00312C6A /* PBXTargetDependency */,
			);
			name = "Red Riding HoodTests";
			productName = "Red Riding HoodTests";
			productReference = 83A8DA271DAD48FC00312C6A /* Red Riding HoodTests.xctest */;
			productType = "com.apple.product-type.bundle.unit-test";
		};
		83A8DA311DAD48FC00312C6A /* Red Riding HoodUITests */ = {
			isa = PBXNativeTarget;
			buildConfigurationList = 83A8DA411DAD48FC00312C6A /* Build configuration list for PBXNativeTarget "Red Riding HoodUITests" */;
			buildPhases = (
				83A8DA2E1DAD48FC00312C6A /* Sources */,
				83A8DA2F1DAD48FC00312C6A /* Frameworks */,
				83A8DA301DAD48FC00312C6A /* Resources */,
			);
			buildRules = (
			);
			dependencies = (
				83A8DA341DAD48FC00312C6A /* PBXTargetDependency */,
			);
			name = "Red Riding HoodUITests";
			productName = "Red Riding HoodUITests";
			productReference = 83A8DA321DAD48FC00312C6A /* Red Riding HoodUITests.xctest */;
			productType = "com.apple.product-type.bundle.ui-testing";
		};
/* End PBXNativeTarget section */

/* Begin PBXProject section */
		83A8DA0B1DAD48FB00312C6A /* Project object */ = {
			isa = PBXProject;
			attributes = {
				LastSwiftUpdateCheck = 0800;
				LastUpgradeCheck = 0800;
				ORGANIZATIONNAME = "Chris Jarvi";
				TargetAttributes = {
					83A8DA121DAD48FB00312C6A = {
						CreatedOnToolsVersion = 8.0;
						ProvisioningStyle = Automatic;
					};
					83A8DA261DAD48FC00312C6A = {
						CreatedOnToolsVersion = 8.0;
						ProvisioningStyle = Automatic;
						TestTargetID = 83A8DA121DAD48FB00312C6A;
					};
					83A8DA311DAD48FC00312C6A = {
						CreatedOnToolsVersion = 8.0;
						ProvisioningStyle = Automatic;
						TestTargetID = 83A8DA121DAD48FB00312C6A;
					};
				};
			};
			buildConfigurationList = 83A8DA0E1DAD48FB00312C6A /* Build configuration list for PBXProject "Red Riding Hood" */;
			compatibilityVersion = "Xcode 3.2";
			developmentRegion = English;
			hasScannedForEncodings = 0;
			knownRegions = (
				en,
				Base,
			);
			mainGroup = 83A8DA0A1DAD48FB00312C6A;
			productRefGroup = 83A8DA141DAD48FB00312C6A /* Products */;
			projectDirPath = "";
			projectRoot = "";
			targets = (
				83A8DA121DAD48FB00312C6A /* Red Riding Hood */,
				83A8DA261DAD48FC00312C6A /* Red Riding HoodTests */,
				83A8DA311DAD48FC00312C6A /* Red Riding HoodUITests */,
			);
		};
/* End PBXProject section */

/* Begin PBXResourcesBuildPhase section */
		83A8DA111DAD48FB00312C6A /* Resources */ = {
			isa = PBXResourcesBuildPhase;
			buildActionMask = 2147483647;
			files = (
				83A8DA211DAD48FC00312C6A /* LaunchScreen.storyboard in Resources */,
				83A8DA1E1DAD48FC00312C6A /* Assets.xcassets in Resources */,
				83A8DA1C1DAD48FC00312C6A /* Main.storyboard in Resources */,
			);
			runOnlyForDeploymentPostprocessing = 0;
		};
		83A8DA251DAD48FC00312C6A /* Resources */ = {
			isa = PBXResourcesBuildPhase;
			buildActionMask = 2147483647;
			files = (
			);
			runOnlyForDeploymentPostprocessing = 0;
		};
		83A8DA301DAD48FC00312C6A /* Resources */ = {
			isa = PBXResourcesBuildPhase;
			buildActionMask = 2147483647;
			files = (
			);
			runOnlyForDeploymentPostprocessing = 0;
		};
/* End PBXResourcesBuildPhase section */

/* Begin PBXSourcesBuildPhase section */
		83A8DA0F1DAD48FB00312C6A /* Sources */ = {
			isa = PBXSourcesBuildPhase;
			buildActionMask = 2147483647;
			files = (
				83A8DA191DAD48FC00312C6A /* ViewController.swift in Sources */,
				83A8DA171DAD48FC00312C6A /* AppDelegate.swift in Sources */,
			);
			runOnlyForDeploymentPostprocessing = 0;
		};
		83A8DA231DAD48FC00312C6A /* Sources */ = {
			isa = PBXSourcesBuildPhase;
			buildActionMask = 2147483647;
			files = (
				83A8DA2C1DAD48FC00312C6A /* Red_Riding_HoodTests.swift in Sources */,
			);
			runOnlyForDeploymentPostprocessing = 0;
		};
		83A8DA2E1DAD48FC00312C6A /* Sources */ = {
			isa = PBXSourcesBuildPhase;
			buildActionMask = 2147483647;
			files = (
				83A8DA371DAD48FC00312C6A /* Red_Riding_HoodUITests.swift in Sources */,
			);
			runOnlyForDeploymentPostprocessing = 0;
		};
/* End PBXSourcesBuildPhase section */

/* Begin PBXTargetDependency section */
		83A8DA291DAD48FC00312C6A /* PBXTargetDependency */ = {
			isa = PBXTargetDependency;
			target = 83A8DA121DAD48FB00312C6A /* Red Riding Hood */;
			targetProxy = 83A8DA281DAD48FC00312C6A /* PBXContainerItemProxy */;
		};
		83A8DA341DAD48FC00312C6A /* PBXTargetDependency */ = {
			isa = PBXTargetDependency;
			target = 83A8DA121DAD48FB00312C6A /* Red Riding Hood */;
			targetProxy = 83A8DA331DAD48FC00312C6A /* PBXContainerItemProxy */;
		};
/* End PBXTargetDependency section */

/* Begin PBXVariantGroup section */
		83A8DA1A1DAD48FC00312C6A /* Main.storyboard */ = {
			isa = PBXVariantGroup;
			children = (
				83A8DA1B1DAD48FC00312C6A /* Base */,
			);
			name = Main.storyboard;
			sourceTree = "<group>";
		};
		83A8DA1F1DAD48FC00312C6A /* LaunchScreen.storyboard */ = {
			isa = PBXVariantGroup;
			children = (
				83A8DA201DAD48FC00312C6A /* Base */,
			);
			name = LaunchScreen.storyboard;
			sourceTree = "<group>";
		};
/* End PBXVariantGroup section */

/* Begin XCBuildConfiguration section */
		83A8DA391DAD48FC00312C6A /* Debug */ = {
			isa = XCBuildConfiguration;
			buildSettings = {
				ALWAYS_SEARCH_USER_PATHS = NO;
				CLANG_ANALYZER_NONNULL = YES;
				CLANG_CXX_LANGUAGE_STANDARD = "gnu++0x";
				CLANG_CXX_LIBRARY = "libc++";
				CLANG_ENABLE_MODULES = YES;
				CLANG_ENABLE_OBJC_ARC = YES;
				CLANG_WARN_BOOL_CONVERSION = YES;
				CLANG_WARN_CONSTANT_CONVERSION = YES;
				CLANG_WARN_DIRECT_OBJC_ISA_USAGE = YES_ERROR;
				CLANG_WARN_DOCUMENTATION_COMMENTS = YES;
				CLANG_WARN_EMPTY_BODY = YES;
				CLANG_WARN_ENUM_CONVERSION = YES;
				CLANG_WARN_INFINITE_RECURSION = YES;
				CLANG_WARN_INT_CONVERSION = YES;
				CLANG_WARN_OBJC_ROOT_CLASS = YES_ERROR;
				CLANG_WARN_SUSPICIOUS_MOVES = YES;
				CLANG_WARN_UNREACHABLE_CODE = YES;
				CLANG_WARN__DUPLICATE_METHOD_MATCH = YES;
				"CODE_SIGN_IDENTITY[sdk=iphoneos*]" = "iPhone Developer";
				COPY_PHASE_STRIP = NO;
				DEBUG_INFORMATION_FORMAT = dwarf;
				ENABLE_STRICT_OBJC_MSGSEND = YES;
				ENABLE_TESTABILITY = YES;
				GCC_C_LANGUAGE_STANDARD = gnu99;
				GCC_DYNAMIC_NO_PIC = NO;
				GCC_NO_COMMON_BLOCKS = YES;
				GCC_OPTIMIZATION_LEVEL = 0;
				GCC_PREPROCESSOR_DEFINITIONS = (
					"DEBUG=1",
					"$(inherited)",
				);
				GCC_WARN_64_TO_32_BIT_CONVERSION = YES;
				GCC_WARN_ABOUT_RETURN_TYPE = YES_ERROR;
				GCC_WARN_UNDECLARED_SELECTOR = YES;
				GCC_WARN_UNINITIALIZED_AUTOS = YES_AGGRESSIVE;
				GCC_WARN_UNUSED_FUNCTION = YES;
				GCC_WARN_UNUSED_VARIABLE = YES;
				IPHONEOS_DEPLOYMENT_TARGET = 10.0;
				MTL_ENABLE_DEBUG_INFO = YES;
				ONLY_ACTIVE_ARCH = YES;
				SDKROOT = iphoneos;
				SWIFT_ACTIVE_COMPILATION_CONDITIONS = DEBUG;
				SWIFT_OPTIMIZATION_LEVEL = "-Onone";
			};
			name = Debug;
		};
		83A8DA3A1DAD48FC00312C6A /* Release */ = {
			isa = XCBuildConfiguration;
			buildSettings = {
				ALWAYS_SEARCH_USER_PATHS = NO;
				CLANG_ANALYZER_NONNULL = YES;
				CLANG_CXX_LANGUAGE_STANDARD = "gnu++0x";
				CLANG_CXX_LIBRARY = "libc++";
				CLANG_ENABLE_MODULES = YES;
				CLANG_ENABLE_OBJC_ARC = YES;
				CLANG_WARN_BOOL_CONVERSION = YES;
				CLANG_WARN_CONSTANT_CONVERSION = YES;
				CLANG_WARN_DIRECT_OBJC_ISA_USAGE = YES_ERROR;
				CLANG_WARN_DOCUMENTATION_COMMENTS = YES;
				CLANG_WARN_EMPTY_BODY = YES;
				CLANG_WARN_ENUM_CONVERSION = YES;
				CLANG_WARN_INFINITE_RECURSION = YES;
				CLANG_WARN_INT_CONVERSION = YES;
				CLANG_WARN_OBJC_ROOT_CLASS = YES_ERROR;
				CLANG_WARN_SUSPICIOUS_MOVES = YES;
				CLANG_WARN_UNREACHABLE_CODE = YES;
				CLANG_WARN__DUPLICATE_METHOD_MATCH = YES;
				"CODE_SIGN_IDENTITY[sdk=iphoneos*]" = "iPhone Developer";
				COPY_PHASE_STRIP = NO;
				DEBUG_INFORMATION_FORMAT = "dwarf-with-dsym";
				ENABLE_NS_ASSERTIONS = NO;
				ENABLE_STRICT_OBJC_MSGSEND = YES;
				GCC_C_LANGUAGE_STANDARD = gnu99;
				GCC_NO_COMMON_BLOCKS = YES;
				GCC_WARN_64_TO_32_BIT_CONVERSION = YES;
				GCC_WARN_ABOUT_RETURN_TYPE = YES_ERROR;
				GCC_WARN_UNDECLARED_SELECTOR = YES;
				GCC_WARN_UNINITIALIZED_AUTOS = YES_AGGRESSIVE;
				GCC_WARN_UNUSED_FUNCTION = YES;
				GCC_WARN_UNUSED_VARIABLE = YES;
				IPHONEOS_DEPLOYMENT_TARGET = 10.0;
				MTL_ENABLE_DEBUG_INFO = NO;
				SDKROOT = iphoneos;
				SWIFT_OPTIMIZATION_LEVEL = "-Owholemodule";
				VALIDATE_PRODUCT = YES;
			};
			name = Release;
		};
		83A8DA3C1DAD48FC00312C6A /* Debug */ = {
			isa = XCBuildConfiguration;
			buildSettings = {
				ASSETCATALOG_COMPILER_APPICON_NAME = AppIcon;
				INFOPLIST_FILE = "Red Riding Hood/Info.plist";
				LD_RUNPATH_SEARCH_PATHS = "$(inherited) @executable_path/Frameworks";
				PRODUCT_BUNDLE_IDENTIFIER = "RRH.Red-Riding-Hood";
				PRODUCT_NAME = "$(TARGET_NAME)";
				SWIFT_VERSION = 3.0;
			};
			name = Debug;
		};
		83A8DA3D1DAD48FC00312C6A /* Release */ = {
			isa = XCBuildConfiguration;
			buildSettings = {
				ASSETCATALOG_COMPILER_APPICON_NAME = AppIcon;
				INFOPLIST_FILE = "Red Riding Hood/Info.plist";
				LD_RUNPATH_SEARCH_PATHS = "$(inherited) @executable_path/Frameworks";
				PRODUCT_BUNDLE_IDENTIFIER = "RRH.Red-Riding-Hood";
				PRODUCT_NAME = "$(TARGET_NAME)";
				SWIFT_VERSION = 3.0;
			};
			name = Release;
		};
		83A8DA3F1DAD48FC00312C6A /* Debug */ = {
			isa = XCBuildConfiguration;
			buildSettings = {
				ALWAYS_EMBED_SWIFT_STANDARD_LIBRARIES = YES;
				BUNDLE_LOADER = "$(TEST_HOST)";
				INFOPLIST_FILE = "Red Riding HoodTests/Info.plist";
				LD_RUNPATH_SEARCH_PATHS = "$(inherited) @executable_path/Frameworks @loader_path/Frameworks";
				PRODUCT_BUNDLE_IDENTIFIER = "RRH.Red-Riding-HoodTests";
				PRODUCT_NAME = "$(TARGET_NAME)";
				SWIFT_VERSION = 3.0;
				TEST_HOST = "$(BUILT_PRODUCTS_DIR)/Red Riding Hood.app/Red Riding Hood";
			};
			name = Debug;
		};
		83A8DA401DAD48FC00312C6A /* Release */ = {
			isa = XCBuildConfiguration;
			buildSettings = {
				ALWAYS_EMBED_SWIFT_STANDARD_LIBRARIES = YES;
				BUNDLE_LOADER = "$(TEST_HOST)";
				INFOPLIST_FILE = "Red Riding HoodTests/Info.plist";
				LD_RUNPATH_SEARCH_PATHS = "$(inherited) @executable_path/Frameworks @loader_path/Frameworks";
				PRODUCT_BUNDLE_IDENTIFIER = "RRH.Red-Riding-HoodTests";
				PRODUCT_NAME = "$(TARGET_NAME)";
				SWIFT_VERSION = 3.0;
				TEST_HOST = "$(BUILT_PRODUCTS_DIR)/Red Riding Hood.app/Red Riding Hood";
			};
			name = Release;
		};
		83A8DA421DAD48FC00312C6A /* Debug */ = {
			isa = XCBuildConfiguration;
			buildSettings = {
				ALWAYS_EMBED_SWIFT_STANDARD_LIBRARIES = YES;
				INFOPLIST_FILE = "Red Riding HoodUITests/Info.plist";
				LD_RUNPATH_SEARCH_PATHS = "$(inherited) @executable_path/Frameworks @loader_path/Frameworks";
				PRODUCT_BUNDLE_IDENTIFIER = "RRH.Red-Riding-HoodUITests";
				PRODUCT_NAME = "$(TARGET_NAME)";
				SWIFT_VERSION = 3.0;
				TEST_TARGET_NAME = "Red Riding Hood";
			};
			name = Debug;
		};
		83A8DA431DAD48FC00312C6A /* Release */ = {
			isa = XCBuildConfiguration;
			buildSettings = {
				ALWAYS_EMBED_SWIFT_STANDARD_LIBRARIES = YES;
				INFOPLIST_FILE = "Red Riding HoodUITests/Info.plist";
				LD_RUNPATH_SEARCH_PATHS = "$(inherited) @executable_path/Frameworks @loader_path/Frameworks";
				PRODUCT_BUNDLE_IDENTIFIER = "RRH.Red-Riding-HoodUITests";
				PRODUCT_NAME = "$(TARGET_NAME)";
				SWIFT_VERSION = 3.0;
				TEST_TARGET_NAME = "Red Riding Hood";
			};
			name = Release;
		};
/* End XCBuildConfiguration section */

/* Begin XCConfigurationList section */
		83A8DA0E1DAD48FB00312C6A /* Build configuration list for PBXProject "Red Riding Hood" */ = {
			isa = XCConfigurationList;
			buildConfigurations = (
				83A8DA391DAD48FC00312C6A /* Debug */,
				83A8DA3A1DAD48FC00312C6A /* Release */,
			);
			defaultConfigurationIsVisible = 0;
			defaultConfigurationName = Release;
		};
		83A8DA3B1DAD48FC00312C6A /* Build configuration list for PBXNativeTarget "Red Riding Hood" */ = {
			isa = XCConfigurationList;
			buildConfigurations = (
				83A8DA3C1DAD48FC00312C6A /* Debug */,
				83A8DA3D1DAD48FC00312C6A /* Release */,
			);
			defaultConfigurationIsVisible = 0;
		};
		83A8DA3E1DAD48FC00312C6A /* Build configuration list for PBXNativeTarget "Red Riding HoodTests" */ = {
			isa = XCConfigurationList;
			buildConfigurations = (
				83A8DA3F1DAD48FC00312C6A /* Debug */,
				83A8DA401DAD48FC00312C6A /* Release */,
			);
			defaultConfigurationIsVisible = 0;
		};
		83A8DA411DAD48FC00312C6A /* Build configuration list for PBXNativeTarget "Red Riding HoodUITests" */ = {
			isa = XCConfigurationList;
			buildConfigurations = (
				83A8DA421DAD48FC00312C6A /* Debug */,
				83A8DA431DAD48FC00312C6A /* Release */,
			);
			defaultConfigurationIsVisible = 0;
		};
/* End XCConfigurationList section */
	};
	rootObject = 83A8DA0B1DAD48FB00312C6A /* Project object */;
}
